
Microsoft Visual Studio Solution File, Format Version 12.00
# Visual Studio Version 16
VisualStudioVersion = 16.0.31229.75
MinimumVisualStudioVersion = 10.0.40219.1
Project("{FAE04EC0-301F-11D3-BF4B-00C04F79EFBC}") = "Econtact2", "Econtact2\Econtact2.csproj", "{23DCA2C9-B047-4379-8E00-08718E7F5D8A}"
EndProject
Global
	GlobalSection(SolutionConfigurationPlatforms) = preSolution
		Debug|Any CPU = Debug|Any CPU
		Release|Any CPU = Release|Any CPU
	EndGlobalSection
	GlobalSection(ProjectConfigurationPlatforms) = postSolution
		{23DCA2C9-B047-4379-8E00-08718E7F5D8A}.Debug|Any CPU.ActiveCfg = Debug|Any CPU
		{23DCA2C9-B047-4379-8E00-08718E7F5D8A}.Debug|Any CPU.Build.0 = Debug|Any CPU
		{23DCA2C9-B047-4379-8E00-08718E7F5D8A}.Release|Any CPU.ActiveCfg = Release|Any CPU
		{23DCA2C9-B047-4379-8E00-08718E7F5D8A}.Release|Any CPU.Build.0 = Release|Any CPU
	EndGlobalSection
	GlobalSection(SolutionProperties) = preSolution
		HideSolutionNode = FALSE
	EndGlobalSection
	GlobalSection(ExtensibilityGlobals) = postSolution
		SolutionGuid = {527035B3-A589-478B-A149-A4F5286491DB}
	EndGlobalSection
EndGlobal
